
Microsoft Visual Studio Solution File, Format Version 12.00
# Visual Studio Version 16
VisualStudioVersion = 16.0.29926.136
MinimumVisualStudioVersion = 10.0.40219.1
Project("{FAE04EC0-301F-11D3-BF4B-00C04F79EFBC}") = "ColorPicker", "ColorPicker\ColorPicker.csproj", "{D7D26613-83AF-4138-AB84-14F3F63EAC31}"
EndProject
Global
	GlobalSection(SolutionConfigurationPlatforms) = preSolution
		Debug|Any CPU = Debug|Any CPU
		Release|Any CPU = Release|Any CPU
	EndGlobalSection
	GlobalSection(ProjectConfigurationPlatforms) = postSolution
		{D7D26613-83AF-4138-AB84-14F3F63EAC31}.Debug|Any CPU.ActiveCfg = Debug|Any CPU
		{D7D26613-83AF-4138-AB84-14F3F63EAC31}.Debug|Any CPU.Build.0 = Debug|Any CPU
		{D7D26613-83AF-4138-AB84-14F3F63EAC31}.Release|Any CPU.ActiveCfg = Release|Any CPU
		{D7D26613-83AF-4138-AB84-14F3F63EAC31}.Release|Any CPU.Build.0 = Release|Any CPU
	EndGlobalSection
	GlobalSection(SolutionProperties) = preSolution
		HideSolutionNode = FALSE
	EndGlobalSection
	GlobalSection(ExtensibilityGlobals) = postSolution
		SolutionGuid = {E91CD85B-C9D2-4701-8388-1A0B9BA4A625}
	EndGlobalSection
EndGlobal
